// !$*UTF8*$!
{
	archiveVersion = 1;
	classes = {
	};
	objectVersion = 55;
	objects = {

/* Begin PBXBuildFile section */
		573B3475278E81CB00987E6E /* Tests_iOS.swift in Sources */ = {isa = PBXBuildFile; fileRef = 573B3474278E81CB00987E6E /* Tests_iOS.swift */; };
		573B3477278E81CB00987E6E /* Tests_iOSLaunchTests.swift in Sources */ = {isa = PBXBuildFile; fileRef = 573B3476278E81CB00987E6E /* Tests_iOSLaunchTests.swift */; };
		573B3481278E81CB00987E6E /* Tests_macOS.swift in Sources */ = {isa = PBXBuildFile; fileRef = 573B3480278E81CB00987E6E /* Tests_macOS.swift */; };
		573B3483278E81CB00987E6E /* Tests_macOSLaunchTests.swift in Sources */ = {isa = PBXBuildFile; fileRef = 573B3482278E81CB00987E6E /* Tests_macOSLaunchTests.swift */; };
		573B3484278E81CB00987E6E /* Guess_the_FlagApp.swift in Sources */ = {isa = PBXBuildFile; fileRef = 573B345C278E81CA00987E6E /* Guess_the_FlagApp.swift */; };
		573B3485278E81CB00987E6E /* Guess_the_FlagApp.swift in Sources */ = {isa = PBXBuildFile; fileRef = 573B345C278E81CA00987E6E /* Guess_the_FlagApp.swift */; };
		573B3486278E81CB00987E6E /* ContentView.swift in Sources */ = {isa = PBXBuildFile; fileRef = 573B345D278E81CA00987E6E /* ContentView.swift */; };
		573B3487278E81CB00987E6E /* ContentView.swift in Sources */ = {isa = PBXBuildFile; fileRef = 573B345D278E81CA00987E6E /* ContentView.swift */; };
		573B3488278E81CB00987E6E /* Assets.xcassets in Resources */ = {isa = PBXBuildFile; fileRef = 573B345E278E81CB00987E6E /* Assets.xcassets */; };
		573B3489278E81CB00987E6E /* Assets.xcassets in Resources */ = {isa = PBXBuildFile; fileRef = 573B345E278E81CB00987E6E /* Assets.xcassets */; };
/* End PBXBuildFile section */

/* Begin PBXContainerItemProxy section */
		573B3471278E81CB00987E6E /* PBXContainerItemProxy */ = {
			isa = PBXContainerItemProxy;
			containerPortal = 573B3457278E81CA00987E6E /* Project object */;
			proxyType = 1;
			remoteGlobalIDString = 573B3462278E81CB00987E6E;
			remoteInfo = "Guess the Flag (iOS)";
		};
		573B347D278E81CB00987E6E /* PBXContainerItemProxy */ = {
			isa = PBXContainerItemProxy;
			containerPortal = 573B3457278E81CA00987E6E /* Project object */;
			proxyType = 1;
			remoteGlobalIDString = 573B3468278E81CB00987E6E;
			remoteInfo = "Guess the Flag (macOS)";
		};
/* End PBXContainerItemProxy section */

/* Begin PBXFileReference section */
		573B345C278E81CA00987E6E /* Guess_the_FlagApp.swift */ = {isa = PBXFileReference; lastKnownFileType = sourcecode.swift; path = Guess_the_FlagApp.swift; sourceTree = "<group>"; };
		573B345D278E81CA00987E6E /* ContentView.swift */ = {isa = PBXFileReference; lastKnownFileType = sourcecode.swift; path = ContentView.swift; sourceTree = "<group>"; };
		573B345E278E81CB00987E6E /* Assets.xcassets */ = {isa = PBXFileReference; lastKnownFileType = folder.assetcatalog; path = Assets.xcassets; sourceTree = "<group>"; };
		573B3463278E81CB00987E6E /* Guess the Flag.app */ = {isa = PBXFileReference; explicitFileType = wrapper.application; includeInIndex = 0; path = "Guess the Flag.app"; sourceTree = BUILT_PRODUCTS_DIR; };
		573B3469278E81CB00987E6E /* Guess the Flag.app */ = {isa = PBXFileReference; explicitFileType = wrapper.application; includeInIndex = 0; path = "Guess the Flag.app"; sourceTree = BUILT_PRODUCTS_DIR; };
		573B346B278E81CB00987E6E /* macOS.entitlements */ = {isa = PBXFileReference; lastKnownFileType = text.plist.entitlements; path = macOS.entitlements; sourceTree = "<group>"; };
		573B3470278E81CB00987E6E /* Tests iOS.xctest */ = {isa = PBXFileReference; explicitFileType = wrapper.cfbundle; includeInIndex = 0; path = "Tests iOS.xctest"; sourceTree = BUILT_PRODUCTS_DIR; };
		573B3474278E81CB00987E6E /* Tests_iOS.swift */ = {isa = PBXFileReference; lastKnownFileType = sourcecode.swift; path = Tests_iOS.swift; sourceTree = "<group>"; };
		573B3476278E81CB00987E6E /* Tests_iOSLaunchTests.swift */ = {isa = PBXFileReference; lastKnownFileType = sourcecode.swift; path = Tests_iOSLaunchTests.swift; sourceTree = "<group>"; };
		573B347C278E81CB00987E6E /* Tests macOS.xctest */ = {isa = PBXFileReference; explicitFileType = wrapper.cfbundle; includeInIndex = 0; path = "Tests macOS.xctest"; sourceTree = BUILT_PRODUCTS_DIR; };
		573B3480278E81CB00987E6E /* Tests_macOS.swift */ = {isa = PBXFileReference; lastKnownFileType = sourcecode.swift; path = Tests_macOS.swift; sourceTree = "<group>"; };
		573B3482278E81CB00987E6E /* Tests_macOSLaunchTests.swift */ = {isa = PBXFileReference; lastKnownFileType = sourcecode.swift; path = Tests_macOSLaunchTests.swift; sourceTree = "<group>"; };
/* End PBXFileReference section */

/* Begin PBXFrameworksBuildPhase section */
		573B3460278E81CB00987E6E /* Frameworks */ = {
			isa = PBXFrameworksBuildPhase;
			buildActionMask = 2147483647;
			files = (
			);
			runOnlyForDeploymentPostprocessing = 0;
		};
		573B3466278E81CB00987E6E /* Frameworks */ = {
			isa = PBXFrameworksBuildPhase;
			buildActionMask = 2147483647;
			files = (
			);
			runOnlyForDeploymentPostprocessing = 0;
		};
		573B346D278E81CB00987E6E /* Frameworks */ = {
			isa = PBXFrameworksBuildPhase;
			buildActionMask = 2147483647;
			files = (
			);
			runOnlyForDeploymentPostprocessing = 0;
		};
		573B3479278E81CB00987E6E /* Frameworks */ = {
			isa = PBXFrameworksBuildPhase;
			buildActionMask = 2147483647;
			files = (
			);
			runOnlyForDeploymentPostprocessing = 0;
		};
/* End PBXFrameworksBuildPhase section */

/* Begin PBXGroup section */
		573B3456278E81CA00987E6E = {
			isa = PBXGroup;
			children = (
				573B345B278E81CA00987E6E /* Shared */,
				573B346A278E81CB00987E6E /* macOS */,
				573B3473278E81CB00987E6E /* Tests iOS */,
				573B347F278E81CB00987E6E /* Tests macOS */,
				573B3464278E81CB00987E6E /* Products */,
			);
			sourceTree = "<group>";
		};
		573B345B278E81CA00987E6E /* Shared */ = {
			isa = PBXGroup;
			children = (
				573B345C278E81CA00987E6E /* Guess_the_FlagApp.swift */,
				573B345D278E81CA00987E6E /* ContentView.swift */,
				573B345E278E81CB00987E6E /* Assets.xcassets */,
			);
			path = Shared;
			sourceTree = "<group>";
		};
		573B3464278E81CB00987E6E /* Products */ = {
			isa = PBXGroup;
			children = (
				573B3463278E81CB00987E6E /* Guess the Flag.app */,
				573B3469278E81CB00987E6E /* Guess the Flag.app */,
				573B3470278E81CB00987E6E /* Tests iOS.xctest */,
				573B347C278E81CB00987E6E /* Tests macOS.xctest */,
			);
			name = Products;
			sourceTree = "<group>";
		};
		573B346A278E81CB00987E6E /* macOS */ = {
			isa = PBXGroup;
			children = (
				573B346B278E81CB00987E6E /* macOS.entitlements */,
			);
			path = macOS;
			sourceTree = "<group>";
		};
		573B3473278E81CB00987E6E /* Tests iOS */ = {
			isa = PBXGroup;
			children = (
				573B3474278E81CB00987E6E /* Tests_iOS.swift */,
				573B3476278E81CB00987E6E /* Tests_iOSLaunchTests.swift */,
			);
			path = "Tests iOS";
			sourceTree = "<group>";
		};
		573B347F278E81CB00987E6E /* Tests macOS */ = {
			isa = PBXGroup;
			children = (
				573B3480278E81CB00987E6E /* Tests_macOS.swift */,
				573B3482278E81CB00987E6E /* Tests_macOSLaunchTests.swift */,
			);
			path = "Tests macOS";
			sourceTree = "<group>";
		};
/* End PBXGroup section */

/* Begin PBXNativeTarget section */
		573B3462278E81CB00987E6E /* Guess the Flag (iOS) */ = {
			isa = PBXNativeTarget;
			buildConfigurationList = 573B348C278E81CB00987E6E /* Build configuration list for PBXNativeTarget "Guess the Flag (iOS)" */;
			buildPhases = (
				573B345F278E81CB00987E6E /* Sources */,
				573B3460278E81CB00987E6E /* Frameworks */,
				573B3461278E81CB00987E6E /* Resources */,
			);
			buildRules = (
			);
			dependencies = (
			);
			name = "Guess the Flag (iOS)";
			productName = "Guess the Flag (iOS)";
			productReference = 573B3463278E81CB00987E6E /* Guess the Flag.app */;
			productType = "com.apple.product-type.application";
		};
		573B3468278E81CB00987E6E /* Guess the Flag (macOS) */ = {
			isa = PBXNativeTarget;
			buildConfigurationList = 573B348F278E81CB00987E6E /* Build configuration list for PBXNativeTarget "Guess the Flag (macOS)" */;
			buildPhases = (
				573B3465278E81CB00987E6E /* Sources */,
				573B3466278E81CB00987E6E /* Frameworks */,
				573B3467278E81CB00987E6E /* Resources */,
			);
			buildRules = (
			);
			dependencies = (
			);
			name = "Guess the Flag (macOS)";
			productName = "Guess the Flag (macOS)";
			productReference = 573B3469278E81CB00987E6E /* Guess the Flag.app */;
			productType = "com.apple.product-type.application";
		};
		573B346F278E81CB00987E6E /* Tests iOS */ = {
			isa = PBXNativeTarget;
			buildConfigurationList = 573B3492278E81CB00987E6E /* Build configuration list for PBXNativeTarget "Tests iOS" */;
			buildPhases = (
				573B346C278E81CB00987E6E /* Sources */,
				573B346D278E81CB00987E6E /* Frameworks */,
				573B346E278E81CB00987E6E /* Resources */,
			);
			buildRules = (
			);
			dependencies = (
				573B3472278E81CB00987E6E /* PBXTargetDependency */,
			);
			name = "Tests iOS";
			productName = "Tests iOS";
			productReference = 573B3470278E81CB00987E6E /* Tests iOS.xctest */;
			productType = "com.apple.product-type.bundle.ui-testing";
		};
		573B347B278E81CB00987E6E /* Tests macOS */ = {
			isa = PBXNativeTarget;
			buildConfigurationList = 573B3495278E81CB00987E6E /* Build configuration list for PBXNativeTarget "Tests macOS" */;
			buildPhases = (
				573B3478278E81CB00987E6E /* Sources */,
				573B3479278E81CB00987E6E /* Frameworks */,
				573B347A278E81CB00987E6E /* Resources */,
			);
			buildRules = (
			);
			dependencies = (
				573B347E278E81CB00987E6E /* PBXTargetDependency */,
			);
			name = "Tests macOS";
			productName = "Tests macOS";
			productReference = 573B347C278E81CB00987E6E /* Tests macOS.xctest */;
			productType = "com.apple.product-type.bundle.ui-testing";
		};
/* End PBXNativeTarget section */

/* Begin PBXProject section */
		573B3457278E81CA00987E6E /* Project object */ = {
			isa = PBXProject;
			attributes = {
				BuildIndependentTargetsInParallel = 1;
				LastSwiftUpdateCheck = 1320;
				LastUpgradeCheck = 1320;
				TargetAttributes = {
					573B3462278E81CB00987E6E = {
						CreatedOnToolsVersion = 13.2.1;
					};
					573B3468278E81CB00987E6E = {
						CreatedOnToolsVersion = 13.2.1;
					};
					573B346F278E81CB00987E6E = {
						CreatedOnToolsVersion = 13.2.1;
						TestTargetID = 573B3462278E81CB00987E6E;
					};
					573B347B278E81CB00987E6E = {
						CreatedOnToolsVersion = 13.2.1;
						TestTargetID = 573B3468278E81CB00987E6E;
					};
				};
			};
			buildConfigurationList = 573B345A278E81CA00987E6E /* Build configuration list for PBXProject "Guess the Flag" */;
			compatibilityVersion = "Xcode 13.0";
			developmentRegion = en;
			hasScannedForEncodings = 0;
			knownRegions = (
				en,
				Base,
			);
			mainGroup = 573B3456278E81CA00987E6E;
			productRefGroup = 573B3464278E81CB00987E6E /* Products */;
			projectDirPath = "";
			projectRoot = "";
			targets = (
				573B3462278E81CB00987E6E /* Guess the Flag (iOS) */,
				573B3468278E81CB00987E6E /* Guess the Flag (macOS) */,
				573B346F278E81CB00987E6E /* Tests iOS */,
				573B347B278E81CB00987E6E /* Tests macOS */,
			);
		};
/* End PBXProject section */

/* Begin PBXResourcesBuildPhase section */
		573B3461278E81CB00987E6E /* Resources */ = {
			isa = PBXResourcesBuildPhase;
			buildActionMask = 2147483647;
			files = (
				573B3488278E81CB00987E6E /* Assets.xcassets in Resources */,
			);
			runOnlyForDeploymentPostprocessing = 0;
		};
		573B3467278E81CB00987E6E /* Resources */ = {
			isa = PBXResourcesBuildPhase;
			buildActionMask = 2147483647;
			files = (
				573B3489278E81CB00987E6E /* Assets.xcassets in Resources */,
			);
			runOnlyForDeploymentPostprocessing = 0;
		};
		573B346E278E81CB00987E6E /* Resources */ = {
			isa = PBXResourcesBuildPhase;
			buildActionMask = 2147483647;
			files = (
			);
			runOnlyForDeploymentPostprocessing = 0;
		};
		573B347A278E81CB00987E6E /* Resources */ = {
			isa = PBXResourcesBuildPhase;
			buildActionMask = 2147483647;
			files = (
			);
			runOnlyForDeploymentPostprocessing = 0;
		};
/* End PBXResourcesBuildPhase section */

/* Begin PBXSourcesBuildPhase section */
		573B345F278E81CB00987E6E /* Sources */ = {
			isa = PBXSourcesBuildPhase;
			buildActionMask = 2147483647;
			files = (
				573B3486278E81CB00987E6E /* ContentView.swift in Sources */,
				573B3484278E81CB00987E6E /* Guess_the_FlagApp.swift in Sources */,
			);
			runOnlyForDeploymentPostprocessing = 0;
		};
		573B3465278E81CB00987E6E /* Sources */ = {
			isa = PBXSourcesBuildPhase;
			buildActionMask = 2147483647;
			files = (
				573B3487278E81CB00987E6E /* ContentView.swift in Sources */,
				573B3485278E81CB00987E6E /* Guess_the_FlagApp.swift in Sources */,
			);
			runOnlyForDeploymentPostprocessing = 0;
		};
		573B346C278E81CB00987E6E /* Sources */ = {
			isa = PBXSourcesBuildPhase;
			buildActionMask = 2147483647;
			files = (
				573B3477278E81CB00987E6E /* Tests_iOSLaunchTests.swift in Sources */,
				573B3475278E81CB00987E6E /* Tests_iOS.swift in Sources */,
			);
			runOnlyForDeploymentPostprocessing = 0;
		};
		573B3478278E81CB00987E6E /* Sources */ = {
			isa = PBXSourcesBuildPhase;
			buildActionMask = 2147483647;
			files = (
				573B3483278E81CB00987E6E /* Tests_macOSLaunchTests.swift in Sources */,
				573B3481278E81CB00987E6E /* Tests_macOS.swift in Sources */,
			);
			runOnlyForDeploymentPostprocessing = 0;
		};
/* End PBXSourcesBuildPhase section */

/* Begin PBXTargetDependency section */
		573B3472278E81CB00987E6E /* PBXTargetDependency */ = {
			isa = PBXTargetDependency;
			target = 573B3462278E81CB00987E6E /* Guess the Flag (iOS) */;
			targetProxy = 573B3471278E81CB00987E6E /* PBXContainerItemProxy */;
		};
		573B347E278E81CB00987E6E /* PBXTargetDependency */ = {
			isa = PBXTargetDependency;
			target = 573B3468278E81CB00987E6E /* Guess the Flag (macOS) */;
			targetProxy = 573B347D278E81CB00987E6E /* PBXContainerItemProxy */;
		};
/* End PBXTargetDependency section */

/* Begin XCBuildConfiguration section */
		573B348A278E81CB00987E6E /* Debug */ = {
			isa = XCBuildConfiguration;
			buildSettings = {
				ALWAYS_SEARCH_USER_PATHS = NO;
				CLANG_ANALYZER_NONNULL = YES;
				CLANG_ANALYZER_NUMBER_OBJECT_CONVERSION = YES_AGGRESSIVE;
				CLANG_CXX_LANGUAGE_STANDARD = "gnu++17";
				CLANG_CXX_LIBRARY = "libc++";
				CLANG_ENABLE_MODULES = YES;
				CLANG_ENABLE_OBJC_ARC = YES;
				CLANG_ENABLE_OBJC_WEAK = YES;
				CLANG_WARN_BLOCK_CAPTURE_AUTORELEASING = YES;
				CLANG_WARN_BOOL_CONVERSION = YES;
				CLANG_WARN_COMMA = YES;
				CLANG_WARN_CONSTANT_CONVERSION = YES;
				CLANG_WARN_DEPRECATED_OBJC_IMPLEMENTATIONS = YES;
				CLANG_WARN_DIRECT_OBJC_ISA_USAGE = YES_ERROR;
				CLANG_WARN_DOCUMENTATION_COMMENTS = YES;
				CLANG_WARN_EMPTY_BODY = YES;
				CLANG_WARN_ENUM_CONVERSION = YES;
				CLANG_WARN_INFINITE_RECURSION = YES;
				CLANG_WARN_INT_CONVERSION = YES;
				CLANG_WARN_NON_LITERAL_NULL_CONVERSION = YES;
				CLANG_WARN_OBJC_IMPLICIT_RETAIN_SELF = YES;
				CLANG_WARN_OBJC_LITERAL_CONVERSION = YES;
				CLANG_WARN_OBJC_ROOT_CLASS = YES_ERROR;
				CLANG_WARN_QUOTED_INCLUDE_IN_FRAMEWORK_HEADER = YES;
				CLANG_WARN_RANGE_LOOP_ANALYSIS = YES;
				CLANG_WARN_STRICT_PROTOTYPES = YES;
				CLANG_WARN_SUSPICIOUS_MOVE = YES;
				CLANG_WARN_UNGUARDED_AVAILABILITY = YES_AGGRESSIVE;
				CLANG_WARN_UNREACHABLE_CODE = YES;
				CLANG_WARN__DUPLICATE_METHOD_MATCH = YES;
				COPY_PHASE_STRIP = NO;
				DEBUG_INFORMATION_FORMAT = dwarf;
				ENABLE_STRICT_OBJC_MSGSEND = YES;
				ENABLE_TESTABILITY = YES;
				GCC_C_LANGUAGE_STANDARD = gnu11;
				GCC_DYNAMIC_NO_PIC = NO;
				GCC_NO_COMMON_BLOCKS = YES;
				GCC_OPTIMIZATION_LEVEL = 0;
				GCC_PREPROCESSOR_DEFINITIONS = (
					"DEBUG=1",
					"$(inherited)",
				);
				GCC_WARN_64_TO_32_BIT_CONVERSION = YES;
				GCC_WARN_ABOUT_RETURN_TYPE = YES_ERROR;
				GCC_WARN_UNDECLARED_SELECTOR = YES;
				GCC_WARN_UNINITIALIZED_AUTOS = YES_AGGRESSIVE;
				GCC_WARN_UNUSED_FUNCTION = YES;
				GCC_WARN_UNUSED_VARIABLE = YES;
				MTL_ENABLE_DEBUG_INFO = INCLUDE_SOURCE;
				MTL_FAST_MATH = YES;
				ONLY_ACTIVE_ARCH = YES;
				SWIFT_ACTIVE_COMPILATION_CONDITIONS = DEBUG;
				SWIFT_OPTIMIZATION_LEVEL = "-Onone";
			};
			name = Debug;
		};
		573B348B278E81CB00987E6E /* Release */ = {
			isa = XCBuildConfiguration;
			buildSettings = {
				ALWAYS_SEARCH_USER_PATHS = NO;
				CLANG_ANALYZER_NONNULL = YES;
				CLANG_ANALYZER_NUMBER_OBJECT_CONVERSION = YES_AGGRESSIVE;
				CLANG_CXX_LANGUAGE_STANDARD = "gnu++17";
				CLANG_CXX_LIBRARY = "libc++";
				CLANG_ENABLE_MODULES = YES;
				CLANG_ENABLE_OBJC_ARC = YES;
				CLANG_ENABLE_OBJC_WEAK = YES;
				CLANG_WARN_BLOCK_CAPTURE_AUTORELEASING = YES;
				CLANG_WARN_BOOL_CONVERSION = YES;
				CLANG_WARN_COMMA = YES;
				CLANG_WARN_CONSTANT_CONVERSION = YES;
				CLANG_WARN_DEPRECATED_OBJC_IMPLEMENTATIONS = YES;
				CLANG_WARN_DIRECT_OBJC_ISA_USAGE = YES_ERROR;
				CLANG_WARN_DOCUMENTATION_COMMENTS = YES;
				CLANG_WARN_EMPTY_BODY = YES;
				CLANG_WARN_ENUM_CONVERSION = YES;
				CLANG_WARN_INFINITE_RECURSION = YES;
				CLANG_WARN_INT_CONVERSION = YES;
				CLANG_WARN_NON_LITERAL_NULL_CONVERSION = YES;
				CLANG_WARN_OBJC_IMPLICIT_RETAIN_SELF = YES;
				CLANG_WARN_OBJC_LITERAL_CONVERSION = YES;
				CLANG_WARN_OBJC_ROOT_CLASS = YES_ERROR;
				CLANG_WARN_QUOTED_INCLUDE_IN_FRAMEWORK_HEADER = YES;
				CLANG_WARN_RANGE_LOOP_ANALYSIS = YES;
				CLANG_WARN_STRICT_PROTOTYPES = YES;
				CLANG_WARN_SUSPICIOUS_MOVE = YES;
				CLANG_WARN_UNGUARDED_AVAILABILITY = YES_AGGRESSIVE;
				CLANG_WARN_UNREACHABLE_CODE = YES;
				CLANG_WARN__DUPLICATE_METHOD_MATCH = YES;
				COPY_PHASE_STRIP = NO;
				DEBUG_INFORMATION_FORMAT = "dwarf-with-dsym";
				ENABLE_NS_ASSERTIONS = NO;
				ENABLE_STRICT_OBJC_MSGSEND = YES;
				GCC_C_LANGUAGE_STANDARD = gnu11;
				GCC_NO_COMMON_BLOCKS = YES;
				GCC_WARN_64_TO_32_BIT_CONVERSION = YES;
				GCC_WARN_ABOUT_RETURN_TYPE = YES_ERROR;
				GCC_WARN_UNDECLARED_SELECTOR = YES;
				GCC_WARN_UNINITIALIZED_AUTOS = YES_AGGRESSIVE;
				GCC_WARN_UNUSED_FUNCTION = YES;
				GCC_WARN_UNUSED_VARIABLE = YES;
				MTL_ENABLE_DEBUG_INFO = NO;
				MTL_FAST_MATH = YES;
				SWIFT_COMPILATION_MODE = wholemodule;
				SWIFT_OPTIMIZATION_LEVEL = "-O";
			};
			name = Release;
		};
		573B348D278E81CB00987E6E /* Debug */ = {
			isa = XCBuildConfiguration;
			buildSettings = {
				ASSETCATALOG_COMPILER_APPICON_NAME = AppIcon;
				ASSETCATALOG_COMPILER_GLOBAL_ACCENT_COLOR_NAME = AccentColor;
				CODE_SIGN_STYLE = Automatic;
				CURRENT_PROJECT_VERSION = 1;
				ENABLE_PREVIEWS = YES;
				GENERATE_INFOPLIST_FILE = YES;
				INFOPLIST_KEY_UIApplicationSceneManifest_Generation = YES;
				INFOPLIST_KEY_UIApplicationSupportsIndirectInputEvents = YES;
				INFOPLIST_KEY_UILaunchScreen_Generation = YES;
				INFOPLIST_KEY_UISupportedInterfaceOrientations_iPad = "UIInterfaceOrientationPortrait UIInterfaceOrientationPortraitUpsideDown UIInterfaceOrientationLandscapeLeft UIInterfaceOrientationLandscapeRight";
				INFOPLIST_KEY_UISupportedInterfaceOrientations_iPhone = "UIInterfaceOrientationPortrait UIInterfaceOrientationLandscapeLeft UIInterfaceOrientationLandscapeRight";
				IPHONEOS_DEPLOYMENT_TARGET = 15.2;
				LD_RUNPATH_SEARCH_PATHS = (
					"$(inherited)",
					"@executable_path/Frameworks",
				);
				MARKETING_VERSION = 1.0;
				PRODUCT_BUNDLE_IDENTIFIER = "alexandra.Guess-the-Flag";
				PRODUCT_NAME = "Guess the Flag";
				SDKROOT = iphoneos;
				SWIFT_EMIT_LOC_STRINGS = YES;
				SWIFT_VERSION = 5.0;
				TARGETED_DEVICE_FAMILY = "1,2";
			};
			name = Debug;
		};
		573B348E278E81CB00987E6E /* Release */ = {
			isa = XCBuildConfiguration;
			buildSettings = {
				ASSETCATALOG_COMPILER_APPICON_NAME = AppIcon;
				ASSETCATALOG_COMPILER_GLOBAL_ACCENT_COLOR_NAME = AccentColor;
				CODE_SIGN_STYLE = Automatic;
				CURRENT_PROJECT_VERSION = 1;
				ENABLE_PREVIEWS = YES;
				GENERATE_INFOPLIST_FILE = YES;
				INFOPLIST_KEY_UIApplicationSceneManifest_Generation = YES;
				INFOPLIST_KEY_UIApplicationSupportsIndirectInputEvents = YES;
				INFOPLIST_KEY_UILaunchScreen_Generation = YES;
				INFOPLIST_KEY_UISupportedInterfaceOrientations_iPad = "UIInterfaceOrientationPortrait UIInterfaceOrientationPortraitUpsideDown UIInterfaceOrientationLandscapeLeft UIInterfaceOrientationLandscapeRight";
				INFOPLIST_KEY_UISupportedInterfaceOrientations_iPhone = "UIInterfaceOrientationPortrait UIInterfaceOrientationLandscapeLeft UIInterfaceOrientationLandscapeRight";
				IPHONEOS_DEPLOYMENT_TARGET = 15.2;
				LD_RUNPATH_SEARCH_PATHS = (
					"$(inherited)",
					"@executable_path/Frameworks",
				);
				MARKETING_VERSION = 1.0;
				PRODUCT_BUNDLE_IDENTIFIER = "alexandra.Guess-the-Flag";
				PRODUCT_NAME = "Guess the Flag";
				SDKROOT = iphoneos;
				SWIFT_EMIT_LOC_STRINGS = YES;
				SWIFT_VERSION = 5.0;
				TARGETED_DEVICE_FAMILY = "1,2";
				VALIDATE_PRODUCT = YES;
			};
			name = Release;
		};
		573B3490278E81CB00987E6E /* Debug */ = {
			isa = XCBuildConfiguration;
			buildSettings = {
				ASSETCATALOG_COMPILER_APPICON_NAME = AppIcon;
				ASSETCATALOG_COMPILER_GLOBAL_ACCENT_COLOR_NAME = AccentColor;
				CODE_SIGN_ENTITLEMENTS = macOS/macOS.entitlements;
				CODE_SIGN_STYLE = Automatic;
				COMBINE_HIDPI_IMAGES = YES;
				CURRENT_PROJECT_VERSION = 1;
				ENABLE_PREVIEWS = YES;
				GENERATE_INFOPLIST_FILE = YES;
				INFOPLIST_KEY_NSHumanReadableCopyright = "";
				LD_RUNPATH_SEARCH_PATHS = (
					"$(inherited)",
					"@executable_path/../Frameworks",
				);
				MACOSX_DEPLOYMENT_TARGET = 11.3;
				MARKETING_VERSION = 1.0;
				PRODUCT_BUNDLE_IDENTIFIER = "alexandra.Guess-the-Flag";
				PRODUCT_NAME = "Guess the Flag";
				SDKROOT = macosx;
				SWIFT_EMIT_LOC_STRINGS = YES;
				SWIFT_VERSION = 5.0;
			};
			name = Debug;
		};
		573B3491278E81CB00987E6E /* Release */ = {
			isa = XCBuildConfiguration;
			buildSettings = {
				ASSETCATALOG_COMPILER_APPICON_NAME = AppIcon;
				ASSETCATALOG_COMPILER_GLOBAL_ACCENT_COLOR_NAME = AccentColor;
				CODE_SIGN_ENTITLEMENTS = macOS/macOS.entitlements;
				CODE_SIGN_STYLE = Automatic;
				COMBINE_HIDPI_IMAGES = YES;
				CURRENT_PROJECT_VERSION = 1;
				ENABLE_PREVIEWS = YES;
				GENERATE_INFOPLIST_FILE = YES;
				INFOPLIST_KEY_NSHumanReadableCopyright = "";
				LD_RUNPATH_SEARCH_PATHS = (
					"$(inherited)",
					"@executable_path/../Frameworks",
				);
				MACOSX_DEPLOYMENT_TARGET = 11.3;
				MARKETING_VERSION = 1.0;
				PRODUCT_BUNDLE_IDENTIFIER = "alexandra.Guess-the-Flag";
				PRODUCT_NAME = "Guess the Flag";
				SDKROOT = macosx;
				SWIFT_EMIT_LOC_STRINGS = YES;
				SWIFT_VERSION = 5.0;
			};
			name = Release;
		};
		573B3493278E81CB00987E6E /* Debug */ = {
			isa = XCBuildConfiguration;
			buildSettings = {
				ALWAYS_EMBED_SWIFT_STANDARD_LIBRARIES = YES;
				CODE_SIGN_STYLE = Automatic;
				CURRENT_PROJECT_VERSION = 1;
				GENERATE_INFOPLIST_FILE = YES;
				IPHONEOS_DEPLOYMENT_TARGET = 15.2;
				MARKETING_VERSION = 1.0;
				PRODUCT_BUNDLE_IDENTIFIER = "alexandra.Tests-iOS";
				PRODUCT_NAME = "$(TARGET_NAME)";
				SDKROOT = iphoneos;
				SWIFT_EMIT_LOC_STRINGS = NO;
				SWIFT_VERSION = 5.0;
				TARGETED_DEVICE_FAMILY = "1,2";
				TEST_TARGET_NAME = "Guess the Flag (iOS)";
			};
			name = Debug;
		};
		573B3494278E81CB00987E6E /* Release */ = {
			isa = XCBuildConfiguration;
			buildSettings = {
				ALWAYS_EMBED_SWIFT_STANDARD_LIBRARIES = YES;
				CODE_SIGN_STYLE = Automatic;
				CURRENT_PROJECT_VERSION = 1;
				GENERATE_INFOPLIST_FILE = YES;
				IPHONEOS_DEPLOYMENT_TARGET = 15.2;
				MARKETING_VERSION = 1.0;
				PRODUCT_BUNDLE_IDENTIFIER = "alexandra.Tests-iOS";
				PRODUCT_NAME = "$(TARGET_NAME)";
				SDKROOT = iphoneos;
				SWIFT_EMIT_LOC_STRINGS = NO;
				SWIFT_VERSION = 5.0;
				TARGETED_DEVICE_FAMILY = "1,2";
				TEST_TARGET_NAME = "Guess the Flag (iOS)";
				VALIDATE_PRODUCT = YES;
			};
			name = Release;
		};
		573B3496278E81CB00987E6E /* Debug */ = {
			isa = XCBuildConfiguration;
			buildSettings = {
				ALWAYS_EMBED_SWIFT_STANDARD_LIBRARIES = YES;
				CODE_SIGN_STYLE = Automatic;
				CURRENT_PROJECT_VERSION = 1;
				GENERATE_INFOPLIST_FILE = YES;
				MACOSX_DEPLOYMENT_TARGET = 11.3;
				MARKETING_VERSION = 1.0;
				PRODUCT_BUNDLE_IDENTIFIER = "alexandra.Tests-macOS";
				PRODUCT_NAME = "$(TARGET_NAME)";
				SDKROOT = macosx;
				SWIFT_EMIT_LOC_STRINGS = NO;
				SWIFT_VERSION = 5.0;
				TEST_TARGET_NAME = "Guess the Flag (macOS)";
			};
			name = Debug;
		};
		573B3497278E81CB00987E6E /* Release */ = {
			isa = XCBuildConfiguration;
			buildSettings = {
				ALWAYS_EMBED_SWIFT_STANDARD_LIBRARIES = YES;
				CODE_SIGN_STYLE = Automatic;
				CURRENT_PROJECT_VERSION = 1;
				GENERATE_INFOPLIST_FILE = YES;
				MACOSX_DEPLOYMENT_TARGET = 11.3;
				MARKETING_VERSION = 1.0;
				PRODUCT_BUNDLE_IDENTIFIER = "alexandra.Tests-macOS";
				PRODUCT_NAME = "$(TARGET_NAME)";
				SDKROOT = macosx;
				SWIFT_EMIT_LOC_STRINGS = NO;
				SWIFT_VERSION = 5.0;
				TEST_TARGET_NAME = "Guess the Flag (macOS)";
			};
			name = Release;
		};
/* End XCBuildConfiguration section */

/* Begin XCConfigurationList section */
		573B345A278E81CA00987E6E /* Build configuration list for PBXProject "Guess the Flag" */ = {
			isa = XCConfigurationList;
			buildConfigurations = (
				573B348A278E81CB00987E6E /* Debug */,
				573B348B278E81CB00987E6E /* Release */,
			);
			defaultConfigurationIsVisible = 0;
			defaultConfigurationName = Release;
		};
		573B348C278E81CB00987E6E /* Build configuration list for PBXNativeTarget "Guess the Flag (iOS)" */ = {
			isa = XCConfigurationList;
			buildConfigurations = (
				573B348D278E81CB00987E6E /* Debug */,
				573B348E278E81CB00987E6E /* Release */,
			);
			defaultConfigurationIsVisible = 0;
			defaultConfigurationName = Release;
		};
		573B348F278E81CB00987E6E /* Build configuration list for PBXNativeTarget "Guess the Flag (macOS)" */ = {
			isa = XCConfigurationList;
			buildConfigurations = (
				573B3490278E81CB00987E6E /* Debug */,
				573B3491278E81CB00987E6E /* Release */,
			);
			defaultConfigurationIsVisible = 0;
			defaultConfigurationName = Release;
		};
		573B3492278E81CB00987E6E /* Build configuration list for PBXNativeTarget "Tests iOS" */ = {
			isa = XCConfigurationList;
			buildConfigurations = (
				573B3493278E81CB00987E6E /* Debug */,
				573B3494278E81CB00987E6E /* Release */,
			);
			defaultConfigurationIsVisible = 0;
			defaultConfigurationName = Release;
		};
		573B3495278E81CB00987E6E /* Build configuration list for PBXNativeTarget "Tests macOS" */ = {
			isa = XCConfigurationList;
			buildConfigurations = (
				573B3496278E81CB00987E6E /* Debug */,
				573B3497278E81CB00987E6E /* Release */,
			);
			defaultConfigurationIsVisible = 0;
			defaultConfigurationName = Release;
		};
/* End XCConfigurationList section */
	};
	rootObject = 573B3457278E81CA00987E6E /* Project object */;
}
